
Microsoft Visual Studio Solution File, Format Version 12.00
# Visual Studio 14
VisualStudioVersion = 14.0.25420.1
MinimumVisualStudioVersion = 10.0.40219.1
Project("{FAE04EC0-301F-11D3-BF4B-00C04F79EFBC}") = "Credoractor.UI", "Credoractor\Credoractor.UI.csproj", "{7DD139D2-5F80-40C4-A95F-ECFCDCA83514}"
EndProject
Project("{FAE04EC0-301F-11D3-BF4B-00C04F79EFBC}") = "Credoractor.Services", "Credoractor.Services\Credoractor.Services.csproj", "{0175C906-1197-4AAE-86D3-E63491510124}"
EndProject
Project("{FAE04EC0-301F-11D3-BF4B-00C04F79EFBC}") = "Credoractor.Models", "Credoractor.Models\Credoractor.Models.csproj", "{33F7CF09-0D56-4C91-8ABF-6F79FF99DEBF}"
EndProject
Project("{FAE04EC0-301F-11D3-BF4B-00C04F79EFBC}") = "Credoractor.TransactionClient", "Credoractor.TransactionClient\Credoractor.TransactionClient.csproj", "{7A5CC6B4-EFA4-41B4-94A2-149F14E15DB4}"
EndProject
Project("{FAE04EC0-301F-11D3-BF4B-00C04F79EFBC}") = "Credoractor.TransactionClient.Tests", "Credoractor.TransactionClient.Tests\Credoractor.TransactionClient.Tests.csproj", "{C93B7F93-25BD-4709-9E2B-29B23FF9FB59}"
EndProject
Global
	GlobalSection(SolutionConfigurationPlatforms) = preSolution
		Debug|Any CPU = Debug|Any CPU
		Release|Any CPU = Release|Any CPU
	EndGlobalSection
	GlobalSection(ProjectConfigurationPlatforms) = postSolution
		{7DD139D2-5F80-40C4-A95F-ECFCDCA83514}.Debug|Any CPU.ActiveCfg = Debug|Any CPU
		{7DD139D2-5F80-40C4-A95F-ECFCDCA83514}.Debug|Any CPU.Build.0 = Debug|Any CPU
		{7DD139D2-5F80-40C4-A95F-ECFCDCA83514}.Release|Any CPU.ActiveCfg = Release|Any CPU
		{7DD139D2-5F80-40C4-A95F-ECFCDCA83514}.Release|Any CPU.Build.0 = Release|Any CPU
		{0175C906-1197-4AAE-86D3-E63491510124}.Debug|Any CPU.ActiveCfg = Debug|Any CPU
		{0175C906-1197-4AAE-86D3-E63491510124}.Debug|Any CPU.Build.0 = Debug|Any CPU
		{0175C906-1197-4AAE-86D3-E63491510124}.Release|Any CPU.ActiveCfg = Release|Any CPU
		{0175C906-1197-4AAE-86D3-E63491510124}.Release|Any CPU.Build.0 = Release|Any CPU
		{33F7CF09-0D56-4C91-8ABF-6F79FF99DEBF}.Debug|Any CPU.ActiveCfg = Debug|Any CPU
		{33F7CF09-0D56-4C91-8ABF-6F79FF99DEBF}.Debug|Any CPU.Build.0 = Debug|Any CPU
		{33F7CF09-0D56-4C91-8ABF-6F79FF99DEBF}.Release|Any CPU.ActiveCfg = Release|Any CPU
		{33F7CF09-0D56-4C91-8ABF-6F79FF99DEBF}.Release|Any CPU.Build.0 = Release|Any CPU
		{7A5CC6B4-EFA4-41B4-94A2-149F14E15DB4}.Debug|Any CPU.ActiveCfg = Debug|Any CPU
		{7A5CC6B4-EFA4-41B4-94A2-149F14E15DB4}.Debug|Any CPU.Build.0 = Debug|Any CPU
		{7A5CC6B4-EFA4-41B4-94A2-149F14E15DB4}.Release|Any CPU.ActiveCfg = Release|Any CPU
		{7A5CC6B4-EFA4-41B4-94A2-149F14E15DB4}.Release|Any CPU.Build.0 = Release|Any CPU
		{C93B7F93-25BD-4709-9E2B-29B23FF9FB59}.Debug|Any CPU.ActiveCfg = Debug|Any CPU
		{C93B7F93-25BD-4709-9E2B-29B23FF9FB59}.Debug|Any CPU.Build.0 = Debug|Any CPU
		{C93B7F93-25BD-4709-9E2B-29B23FF9FB59}.Release|Any CPU.ActiveCfg = Release|Any CPU
		{C93B7F93-25BD-4709-9E2B-29B23FF9FB59}.Release|Any CPU.Build.0 = Release|Any CPU
	EndGlobalSection
	GlobalSection(SolutionProperties) = preSolution
		HideSolutionNode = FALSE
	EndGlobalSection
EndGlobal
